
Microsoft Visual Studio Solution File, Format Version 12.00
# Visual Studio Version 16
VisualStudioVersion = 16.0.30611.23
MinimumVisualStudioVersion = 10.0.40219.1
Project("{FAE04EC0-301F-11D3-BF4B-00C04F79EFBC}") = "WindowsApp", "WindowsApp\WindowsApp.csproj", "{EC984B52-4A09-4A45-8A29-F3046C5A7BDD}"
EndProject
Global
	GlobalSection(SolutionConfigurationPlatforms) = preSolution
		Debug|Any CPU = Debug|Any CPU
		Release|Any CPU = Release|Any CPU
	EndGlobalSection
	GlobalSection(ProjectConfigurationPlatforms) = postSolution
		{EC984B52-4A09-4A45-8A29-F3046C5A7BDD}.Debug|Any CPU.ActiveCfg = Debug|Any CPU
		{EC984B52-4A09-4A45-8A29-F3046C5A7BDD}.Debug|Any CPU.Build.0 = Debug|Any CPU
		{EC984B52-4A09-4A45-8A29-F3046C5A7BDD}.Release|Any CPU.ActiveCfg = Release|Any CPU
		{EC984B52-4A09-4A45-8A29-F3046C5A7BDD}.Release|Any CPU.Build.0 = Release|Any CPU
	EndGlobalSection
	GlobalSection(SolutionProperties) = preSolution
		HideSolutionNode = FALSE
	EndGlobalSection
	GlobalSection(ExtensibilityGlobals) = postSolution
		SolutionGuid = {AF6510DC-3F63-4C66-8337-43E42C7A70F1}
	EndGlobalSection
EndGlobal
